// !$*UTF8*$!
{
	archiveVersion = 1;
	classes = {
	};
	objectVersion = 56;
	objects = {

/* Begin PBXBuildFile section */
		42A6AD0C2C08A27B00F19F14 /* AIChatbotApp.swift in Sources */ = {isa = PBXBuildFile; fileRef = 42A6AD0B2C08A27B00F19F14 /* AIChatbotApp.swift */; };
		42A6AD0E2C08A27B00F19F14 /* ContentView.swift in Sources */ = {isa = PBXBuildFile; fileRef = 42A6AD0D2C08A27B00F19F14 /* ContentView.swift */; };
		42A6AD102C08A27B00F19F14 /* Item.swift in Sources */ = {isa = PBXBuildFile; fileRef = 42A6AD0F2C08A27B00F19F14 /* Item.swift */; };
		42A6AD122C08A27C00F19F14 /* Assets.xcassets in Resources */ = {isa = PBXBuildFile; fileRef = 42A6AD112C08A27C00F19F14 /* Assets.xcassets */; };
		42A6AD152C08A27C00F19F14 /* Preview Assets.xcassets in Resources */ = {isa = PBXBuildFile; fileRef = 42A6AD142C08A27C00F19F14 /* Preview Assets.xcassets */; };
		42A6AD1F2C08A27C00F19F14 /* AIChatbotTests.swift in Sources */ = {isa = PBXBuildFile; fileRef = 42A6AD1E2C08A27C00F19F14 /* AIChatbotTests.swift */; };
		42A6AD292C08A27C00F19F14 /* AIChatbotUITests.swift in Sources */ = {isa = PBXBuildFile; fileRef = 42A6AD282C08A27C00F19F14 /* AIChatbotUITests.swift */; };
		42A6AD2B2C08A27C00F19F14 /* AIChatbotUITestsLaunchTests.swift in Sources */ = {isa = PBXBuildFile; fileRef = 42A6AD2A2C08A27C00F19F14 /* AIChatbotUITestsLaunchTests.swift */; };
/* End PBXBuildFile section */

/* Begin PBXContainerItemProxy section */
		42A6AD1B2C08A27C00F19F14 /* PBXContainerItemProxy */ = {
			isa = PBXContainerItemProxy;
			containerPortal = 42A6AD002C08A27B00F19F14 /* Project object */;
			proxyType = 1;
			remoteGlobalIDString = 42A6AD072C08A27B00F19F14;
			remoteInfo = AIChatbot;
		};
		42A6AD252C08A27C00F19F14 /* PBXContainerItemProxy */ = {
			isa = PBXContainerItemProxy;
			containerPortal = 42A6AD002C08A27B00F19F14 /* Project object */;
			proxyType = 1;
			remoteGlobalIDString = 42A6AD072C08A27B00F19F14;
			remoteInfo = AIChatbot;
		};
/* End PBXContainerItemProxy section */

/* Begin PBXFileReference section */
		42A6AD082C08A27B00F19F14 /* AIChatbot.app */ = {isa = PBXFileReference; explicitFileType = wrapper.application; includeInIndex = 0; path = AIChatbot.app; sourceTree = BUILT_PRODUCTS_DIR; };
		42A6AD0B2C08A27B00F19F14 /* AIChatbotApp.swift */ = {isa = PBXFileReference; lastKnownFileType = sourcecode.swift; path = AIChatbotApp.swift; sourceTree = "<group>"; };
		42A6AD0D2C08A27B00F19F14 /* ContentView.swift */ = {isa = PBXFileReference; lastKnownFileType = sourcecode.swift; path = ContentView.swift; sourceTree = "<group>"; };
		42A6AD0F2C08A27B00F19F14 /* Item.swift */ = {isa = PBXFileReference; lastKnownFileType = sourcecode.swift; path = Item.swift; sourceTree = "<group>"; };
		42A6AD112C08A27C00F19F14 /* Assets.xcassets */ = {isa = PBXFileReference; lastKnownFileType = folder.assetcatalog; path = Assets.xcassets; sourceTree = "<group>"; };
		42A6AD142C08A27C00F19F14 /* Preview Assets.xcassets */ = {isa = PBXFileReference; lastKnownFileType = folder.assetcatalog; path = "Preview Assets.xcassets"; sourceTree = "<group>"; };
		42A6AD1A2C08A27C00F19F14 /* AIChatbotTests.xctest */ = {isa = PBXFileReference; explicitFileType = wrapper.cfbundle; includeInIndex = 0; path = AIChatbotTests.xctest; sourceTree = BUILT_PRODUCTS_DIR; };
		42A6AD1E2C08A27C00F19F14 /* AIChatbotTests.swift */ = {isa = PBXFileReference; lastKnownFileType = sourcecode.swift; path = AIChatbotTests.swift; sourceTree = "<group>"; };
		42A6AD242C08A27C00F19F14 /* AIChatbotUITests.xctest */ = {isa = PBXFileReference; explicitFileType = wrapper.cfbundle; includeInIndex = 0; path = AIChatbotUITests.xctest; sourceTree = BUILT_PRODUCTS_DIR; };
		42A6AD282C08A27C00F19F14 /* AIChatbotUITests.swift */ = {isa = PBXFileReference; lastKnownFileType = sourcecode.swift; path = AIChatbotUITests.swift; sourceTree = "<group>"; };
		42A6AD2A2C08A27C00F19F14 /* AIChatbotUITestsLaunchTests.swift */ = {isa = PBXFileReference; lastKnownFileType = sourcecode.swift; path = AIChatbotUITestsLaunchTests.swift; sourceTree = "<group>"; };
/* End PBXFileReference section */

/* Begin PBXFrameworksBuildPhase section */
		42A6AD052C08A27B00F19F14 /* Frameworks */ = {
			isa = PBXFrameworksBuildPhase;
			buildActionMask = 2147483647;
			files = (
			);
			runOnlyForDeploymentPostprocessing = 0;
		};
		42A6AD172C08A27C00F19F14 /* Frameworks */ = {
			isa = PBXFrameworksBuildPhase;
			buildActionMask = 2147483647;
			files = (
			);
			runOnlyForDeploymentPostprocessing = 0;
		};
		42A6AD212C08A27C00F19F14 /* Frameworks */ = {
			isa = PBXFrameworksBuildPhase;
			buildActionMask = 2147483647;
			files = (
			);
			runOnlyForDeploymentPostprocessing = 0;
		};
/* End PBXFrameworksBuildPhase section */

/* Begin PBXGroup section */
		42A6ACFF2C08A27B00F19F14 = {
			isa = PBXGroup;
			children = (
				42A6AD0A2C08A27B00F19F14 /* AIChatbot */,
				42A6AD1D2C08A27C00F19F14 /* AIChatbotTests */,
				42A6AD272C08A27C00F19F14 /* AIChatbotUITests */,
				42A6AD092C08A27B00F19F14 /* Products */,
			);
			sourceTree = "<group>";
		};
		42A6AD092C08A27B00F19F14 /* Products */ = {
			isa = PBXGroup;
			children = (
				42A6AD082C08A27B00F19F14 /* AIChatbot.app */,
				42A6AD1A2C08A27C00F19F14 /* AIChatbotTests.xctest */,
				42A6AD242C08A27C00F19F14 /* AIChatbotUITests.xctest */,
			);
			name = Products;
			sourceTree = "<group>";
		};
		42A6AD0A2C08A27B00F19F14 /* AIChatbot */ = {
			isa = PBXGroup;
			children = (
				42A6AD0B2C08A27B00F19F14 /* AIChatbotApp.swift */,
				42A6AD0D2C08A27B00F19F14 /* ContentView.swift */,
				42A6AD0F2C08A27B00F19F14 /* Item.swift */,
				42A6AD112C08A27C00F19F14 /* Assets.xcassets */,
				42A6AD132C08A27C00F19F14 /* Preview Content */,
			);
			path = AIChatbot;
			sourceTree = "<group>";
		};
		42A6AD132C08A27C00F19F14 /* Preview Content */ = {
			isa = PBXGroup;
			children = (
				42A6AD142C08A27C00F19F14 /* Preview Assets.xcassets */,
			);
			path = "Preview Content";
			sourceTree = "<group>";
		};
		42A6AD1D2C08A27C00F19F14 /* AIChatbotTests */ = {
			isa = PBXGroup;
			children = (
				42A6AD1E2C08A27C00F19F14 /* AIChatbotTests.swift */,
			);
			path = AIChatbotTests;
			sourceTree = "<group>";
		};
		42A6AD272C08A27C00F19F14 /* AIChatbotUITests */ = {
			isa = PBXGroup;
			children = (
				42A6AD282C08A27C00F19F14 /* AIChatbotUITests.swift */,
				42A6AD2A2C08A27C00F19F14 /* AIChatbotUITestsLaunchTests.swift */,
			);
			path = AIChatbotUITests;
			sourceTree = "<group>";
		};
/* End PBXGroup section */

/* Begin PBXNativeTarget section */
		42A6AD072C08A27B00F19F14 /* AIChatbot */ = {
			isa = PBXNativeTarget;
			buildConfigurationList = 42A6AD2E2C08A27C00F19F14 /* Build configuration list for PBXNativeTarget "AIChatbot" */;
			buildPhases = (
				42A6AD042C08A27B00F19F14 /* Sources */,
				42A6AD052C08A27B00F19F14 /* Frameworks */,
				42A6AD062C08A27B00F19F14 /* Resources */,
			);
			buildRules = (
			);
			dependencies = (
			);
			name = AIChatbot;
			productName = AIChatbot;
			productReference = 42A6AD082C08A27B00F19F14 /* AIChatbot.app */;
			productType = "com.apple.product-type.application";
		};
		42A6AD192C08A27C00F19F14 /* AIChatbotTests */ = {
			isa = PBXNativeTarget;
			buildConfigurationList = 42A6AD312C08A27C00F19F14 /* Build configuration list for PBXNativeTarget "AIChatbotTests" */;
			buildPhases = (
				42A6AD162C08A27C00F19F14 /* Sources */,
				42A6AD172C08A27C00F19F14 /* Frameworks */,
				42A6AD182C08A27C00F19F14 /* Resources */,
			);
			buildRules = (
			);
			dependencies = (
				42A6AD1C2C08A27C00F19F14 /* PBXTargetDependency */,
			);
			name = AIChatbotTests;
			productName = AIChatbotTests;
			productReference = 42A6AD1A2C08A27C00F19F14 /* AIChatbotTests.xctest */;
			productType = "com.apple.product-type.bundle.unit-test";
		};
		42A6AD232C08A27C00F19F14 /* AIChatbotUITests */ = {
			isa = PBXNativeTarget;
			buildConfigurationList = 42A6AD342C08A27C00F19F14 /* Build configuration list for PBXNativeTarget "AIChatbotUITests" */;
			buildPhases = (
				42A6AD202C08A27C00F19F14 /* Sources */,
				42A6AD212C08A27C00F19F14 /* Frameworks */,
				42A6AD222C08A27C00F19F14 /* Resources */,
			);
			buildRules = (
			);
			dependencies = (
				42A6AD262C08A27C00F19F14 /* PBXTargetDependency */,
			);
			name = AIChatbotUITests;
			productName = AIChatbotUITests;
			productReference = 42A6AD242C08A27C00F19F14 /* AIChatbotUITests.xctest */;
			productType = "com.apple.product-type.bundle.ui-testing";
		};
/* End PBXNativeTarget section */

/* Begin PBXProject section */
		42A6AD002C08A27B00F19F14 /* Project object */ = {
			isa = PBXProject;
			attributes = {
				BuildIndependentTargetsInParallel = 1;
				LastSwiftUpdateCheck = 1540;
				LastUpgradeCheck = 1540;
				TargetAttributes = {
					42A6AD072C08A27B00F19F14 = {
						CreatedOnToolsVersion = 15.4;
					};
					42A6AD192C08A27C00F19F14 = {
						CreatedOnToolsVersion = 15.4;
						TestTargetID = 42A6AD072C08A27B00F19F14;
					};
					42A6AD232C08A27C00F19F14 = {
						CreatedOnToolsVersion = 15.4;
						TestTargetID = 42A6AD072C08A27B00F19F14;
					};
				};
			};
			buildConfigurationList = 42A6AD032C08A27B00F19F14 /* Build configuration list for PBXProject "AIChatbot" */;
			compatibilityVersion = "Xcode 14.0";
			developmentRegion = en;
			hasScannedForEncodings = 0;
			knownRegions = (
				en,
				Base,
			);
			mainGroup = 42A6ACFF2C08A27B00F19F14;
			productRefGroup = 42A6AD092C08A27B00F19F14 /* Products */;
			projectDirPath = "";
			projectRoot = "";
			targets = (
				42A6AD072C08A27B00F19F14 /* AIChatbot */,
				42A6AD192C08A27C00F19F14 /* AIChatbotTests */,
				42A6AD232C08A27C00F19F14 /* AIChatbotUITests */,
			);
		};
/* End PBXProject section */

/* Begin PBXResourcesBuildPhase section */
		42A6AD062C08A27B00F19F14 /* Resources */ = {
			isa = PBXResourcesBuildPhase;
			buildActionMask = 2147483647;
			files = (
				42A6AD152C08A27C00F19F14 /* Preview Assets.xcassets in Resources */,
				42A6AD122C08A27C00F19F14 /* Assets.xcassets in Resources */,
			);
			runOnlyForDeploymentPostprocessing = 0;
		};
		42A6AD182C08A27C00F19F14 /* Resources */ = {
			isa = PBXResourcesBuildPhase;
			buildActionMask = 2147483647;
			files = (
			);
			runOnlyForDeploymentPostprocessing = 0;
		};
		42A6AD222C08A27C00F19F14 /* Resources */ = {
			isa = PBXResourcesBuildPhase;
			buildActionMask = 2147483647;
			files = (
			);
			runOnlyForDeploymentPostprocessing = 0;
		};
/* End PBXResourcesBuildPhase section */

/* Begin PBXSourcesBuildPhase section */
		42A6AD042C08A27B00F19F14 /* Sources */ = {
			isa = PBXSourcesBuildPhase;
			buildActionMask = 2147483647;
			files = (
				42A6AD0E2C08A27B00F19F14 /* ContentView.swift in Sources */,
				42A6AD102C08A27B00F19F14 /* Item.swift in Sources */,
				42A6AD0C2C08A27B00F19F14 /* AIChatbotApp.swift in Sources */,
			);
			runOnlyForDeploymentPostprocessing = 0;
		};
		42A6AD162C08A27C00F19F14 /* Sources */ = {
			isa = PBXSourcesBuildPhase;
			buildActionMask = 2147483647;
			files = (
				42A6AD1F2C08A27C00F19F14 /* AIChatbotTests.swift in Sources */,
			);
			runOnlyForDeploymentPostprocessing = 0;
		};
		42A6AD202C08A27C00F19F14 /* Sources */ = {
			isa = PBXSourcesBuildPhase;
			buildActionMask = 2147483647;
			files = (
				42A6AD2B2C08A27C00F19F14 /* AIChatbotUITestsLaunchTests.swift in Sources */,
				42A6AD292C08A27C00F19F14 /* AIChatbotUITests.swift in Sources */,
			);
			runOnlyForDeploymentPostprocessing = 0;
		};
/* End PBXSourcesBuildPhase section */

/* Begin PBXTargetDependency section */
		42A6AD1C2C08A27C00F19F14 /* PBXTargetDependency */ = {
			isa = PBXTargetDependency;
			target = 42A6AD072C08A27B00F19F14 /* AIChatbot */;
			targetProxy = 42A6AD1B2C08A27C00F19F14 /* PBXContainerItemProxy */;
		};
		42A6AD262C08A27C00F19F14 /* PBXTargetDependency */ = {
			isa = PBXTargetDependency;
			target = 42A6AD072C08A27B00F19F14 /* AIChatbot */;
			targetProxy = 42A6AD252C08A27C00F19F14 /* PBXContainerItemProxy */;
		};
/* End PBXTargetDependency section */

/* Begin XCBuildConfiguration section */
		42A6AD2C2C08A27C00F19F14 /* Debug */ = {
			isa = XCBuildConfiguration;
			buildSettings = {
				ALWAYS_SEARCH_USER_PATHS = NO;
				ASSETCATALOG_COMPILER_GENERATE_SWIFT_ASSET_SYMBOL_EXTENSIONS = YES;
				CLANG_ANALYZER_NONNULL = YES;
				CLANG_ANALYZER_NUMBER_OBJECT_CONVERSION = YES_AGGRESSIVE;
				CLANG_CXX_LANGUAGE_STANDARD = "gnu++20";
				CLANG_ENABLE_MODULES = YES;
				CLANG_ENABLE_OBJC_ARC = YES;
				CLANG_ENABLE_OBJC_WEAK = YES;
				CLANG_WARN_BLOCK_CAPTURE_AUTORELEASING = YES;
				CLANG_WARN_BOOL_CONVERSION = YES;
				CLANG_WARN_COMMA = YES;
				CLANG_WARN_CONSTANT_CONVERSION = YES;
				CLANG_WARN_DEPRECATED_OBJC_IMPLEMENTATIONS = YES;
				CLANG_WARN_DIRECT_OBJC_ISA_USAGE = YES_ERROR;
				CLANG_WARN_DOCUMENTATION_COMMENTS = YES;
				CLANG_WARN_EMPTY_BODY = YES;
				CLANG_WARN_ENUM_CONVERSION = YES;
				CLANG_WARN_INFINITE_RECURSION = YES;
				CLANG_WARN_INT_CONVERSION = YES;
				CLANG_WARN_NON_LITERAL_NULL_CONVERSION = YES;
				CLANG_WARN_OBJC_IMPLICIT_RETAIN_SELF = YES;
				CLANG_WARN_OBJC_LITERAL_CONVERSION = YES;
				CLANG_WARN_OBJC_ROOT_CLASS = YES_ERROR;
				CLANG_WARN_QUOTED_INCLUDE_IN_FRAMEWORK_HEADER = YES;
				CLANG_WARN_RANGE_LOOP_ANALYSIS = YES;
				CLANG_WARN_STRICT_PROTOTYPES = YES;
				CLANG_WARN_SUSPICIOUS_MOVE = YES;
				CLANG_WARN_UNGUARDED_AVAILABILITY = YES_AGGRESSIVE;
				CLANG_WARN_UNREACHABLE_CODE = YES;
				CLANG_WARN__DUPLICATE_METHOD_MATCH = YES;
				COPY_PHASE_STRIP = NO;
				DEBUG_INFORMATION_FORMAT = dwarf;
				ENABLE_STRICT_OBJC_MSGSEND = YES;
				ENABLE_TESTABILITY = YES;
				ENABLE_USER_SCRIPT_SANDBOXING = YES;
				GCC_C_LANGUAGE_STANDARD = gnu17;
				GCC_DYNAMIC_NO_PIC = NO;
				GCC_NO_COMMON_BLOCKS = YES;
				GCC_OPTIMIZATION_LEVEL = 0;
				GCC_PREPROCESSOR_DEFINITIONS = (
					"DEBUG=1",
					"$(inherited)",
				);
				GCC_WARN_64_TO_32_BIT_CONVERSION = YES;
				GCC_WARN_ABOUT_RETURN_TYPE = YES_ERROR;
				GCC_WARN_UNDECLARED_SELECTOR = YES;
				GCC_WARN_UNINITIALIZED_AUTOS = YES_AGGRESSIVE;
				GCC_WARN_UNUSED_FUNCTION = YES;
				GCC_WARN_UNUSED_VARIABLE = YES;
				IPHONEOS_DEPLOYMENT_TARGET = 17.5;
				LOCALIZATION_PREFERS_STRING_CATALOGS = YES;
				MTL_ENABLE_DEBUG_INFO = INCLUDE_SOURCE;
				MTL_FAST_MATH = YES;
				ONLY_ACTIVE_ARCH = YES;
				SDKROOT = iphoneos;
				SWIFT_ACTIVE_COMPILATION_CONDITIONS = "DEBUG $(inherited)";
				SWIFT_OPTIMIZATION_LEVEL = "-Onone";
			};
			name = Debug;
		};
		42A6AD2D2C08A27C00F19F14 /* Release */ = {
			isa = XCBuildConfiguration;
			buildSettings = {
				ALWAYS_SEARCH_USER_PATHS = NO;
				ASSETCATALOG_COMPILER_GENERATE_SWIFT_ASSET_SYMBOL_EXTENSIONS = YES;
				CLANG_ANALYZER_NONNULL = YES;
				CLANG_ANALYZER_NUMBER_OBJECT_CONVERSION = YES_AGGRESSIVE;
				CLANG_CXX_LANGUAGE_STANDARD = "gnu++20";
				CLANG_ENABLE_MODULES = YES;
				CLANG_ENABLE_OBJC_ARC = YES;
				CLANG_ENABLE_OBJC_WEAK = YES;
				CLANG_WARN_BLOCK_CAPTURE_AUTORELEASING = YES;
				CLANG_WARN_BOOL_CONVERSION = YES;
				CLANG_WARN_COMMA = YES;
				CLANG_WARN_CONSTANT_CONVERSION = YES;
				CLANG_WARN_DEPRECATED_OBJC_IMPLEMENTATIONS = YES;
				CLANG_WARN_DIRECT_OBJC_ISA_USAGE = YES_ERROR;
				CLANG_WARN_DOCUMENTATION_COMMENTS = YES;
				CLANG_WARN_EMPTY_BODY = YES;
				CLANG_WARN_ENUM_CONVERSION = YES;
				CLANG_WARN_INFINITE_RECURSION = YES;
				CLANG_WARN_INT_CONVERSION = YES;
				CLANG_WARN_NON_LITERAL_NULL_CONVERSION = YES;
				CLANG_WARN_OBJC_IMPLICIT_RETAIN_SELF = YES;
				CLANG_WARN_OBJC_LITERAL_CONVERSION = YES;
				CLANG_WARN_OBJC_ROOT_CLASS = YES_ERROR;
				CLANG_WARN_QUOTED_INCLUDE_IN_FRAMEWORK_HEADER = YES;
				CLANG_WARN_RANGE_LOOP_ANALYSIS = YES;
				CLANG_WARN_STRICT_PROTOTYPES = YES;
				CLANG_WARN_SUSPICIOUS_MOVE = YES;
				CLANG_WARN_UNGUARDED_AVAILABILITY = YES_AGGRESSIVE;
				CLANG_WARN_UNREACHABLE_CODE = YES;
				CLANG_WARN__DUPLICATE_METHOD_MATCH = YES;
				COPY_PHASE_STRIP = NO;
				DEBUG_INFORMATION_FORMAT = "dwarf-with-dsym";
				ENABLE_NS_ASSERTIONS = NO;
				ENABLE_STRICT_OBJC_MSGSEND = YES;
				ENABLE_USER_SCRIPT_SANDBOXING = YES;
				GCC_C_LANGUAGE_STANDARD = gnu17;
				GCC_NO_COMMON_BLOCKS = YES;
				GCC_WARN_64_TO_32_BIT_CONVERSION = YES;
				GCC_WARN_ABOUT_RETURN_TYPE = YES_ERROR;
				GCC_WARN_UNDECLARED_SELECTOR = YES;
				GCC_WARN_UNINITIALIZED_AUTOS = YES_AGGRESSIVE;
				GCC_WARN_UNUSED_FUNCTION = YES;
				GCC_WARN_UNUSED_VARIABLE = YES;
				IPHONEOS_DEPLOYMENT_TARGET = 17.5;
				LOCALIZATION_PREFERS_STRING_CATALOGS = YES;
				MTL_ENABLE_DEBUG_INFO = NO;
				MTL_FAST_MATH = YES;
				SDKROOT = iphoneos;
				SWIFT_COMPILATION_MODE = wholemodule;
				VALIDATE_PRODUCT = YES;
			};
			name = Release;
		};
		42A6AD2F2C08A27C00F19F14 /* Debug */ = {
			isa = XCBuildConfiguration;
			buildSettings = {
				ASSETCATALOG_COMPILER_APPICON_NAME = AppIcon;
				ASSETCATALOG_COMPILER_GLOBAL_ACCENT_COLOR_NAME = AccentColor;
				CODE_SIGN_STYLE = Automatic;
				CURRENT_PROJECT_VERSION = 1;
				DEVELOPMENT_ASSET_PATHS = "\"AIChatbot/Preview Content\"";
				DEVELOPMENT_TEAM = XG78PF284C;
				ENABLE_PREVIEWS = YES;
				GENERATE_INFOPLIST_FILE = YES;
				INFOPLIST_KEY_UIApplicationSceneManifest_Generation = YES;
				INFOPLIST_KEY_UIApplicationSupportsIndirectInputEvents = YES;
				INFOPLIST_KEY_UILaunchScreen_Generation = YES;
				INFOPLIST_KEY_UISupportedInterfaceOrientations_iPad = "UIInterfaceOrientationPortrait UIInterfaceOrientationPortraitUpsideDown UIInterfaceOrientationLandscapeLeft UIInterfaceOrientationLandscapeRight";
				INFOPLIST_KEY_UISupportedInterfaceOrientations_iPhone = "UIInterfaceOrientationPortrait UIInterfaceOrientationLandscapeLeft UIInterfaceOrientationLandscapeRight";
				LD_RUNPATH_SEARCH_PATHS = (
					"$(inherited)",
					"@executable_path/Frameworks",
				);
				MARKETING_VERSION = 1.0;
				PRODUCT_BUNDLE_IDENTIFIER = com.sohail.AIChatbot;
				PRODUCT_NAME = "$(TARGET_NAME)";
				SWIFT_EMIT_LOC_STRINGS = YES;
				SWIFT_VERSION = 5.0;
				TARGETED_DEVICE_FAMILY = "1,2";
			};
			name = Debug;
		};
		42A6AD302C08A27C00F19F14 /* Release */ = {
			isa = XCBuildConfiguration;
			buildSettings = {
				ASSETCATALOG_COMPILER_APPICON_NAME = AppIcon;
				ASSETCATALOG_COMPILER_GLOBAL_ACCENT_COLOR_NAME = AccentColor;
				CODE_SIGN_STYLE = Automatic;
				CURRENT_PROJECT_VERSION = 1;
				DEVELOPMENT_ASSET_PATHS = "\"AIChatbot/Preview Content\"";
				DEVELOPMENT_TEAM = XG78PF284C;
				ENABLE_PREVIEWS = YES;
				GENERATE_INFOPLIST_FILE = YES;
				INFOPLIST_KEY_UIApplicationSceneManifest_Generation = YES;
				INFOPLIST_KEY_UIApplicationSupportsIndirectInputEvents = YES;
				INFOPLIST_KEY_UILaunchScreen_Generation = YES;
				INFOPLIST_KEY_UISupportedInterfaceOrientations_iPad = "UIInterfaceOrientationPortrait UIInterfaceOrientationPortraitUpsideDown UIInterfaceOrientationLandscapeLeft UIInterfaceOrientationLandscapeRight";
				INFOPLIST_KEY_UISupportedInterfaceOrientations_iPhone = "UIInterfaceOrientationPortrait UIInterfaceOrientationLandscapeLeft UIInterfaceOrientationLandscapeRight";
				LD_RUNPATH_SEARCH_PATHS = (
					"$(inherited)",
					"@executable_path/Frameworks",
				);
				MARKETING_VERSION = 1.0;
				PRODUCT_BUNDLE_IDENTIFIER = com.sohail.AIChatbot;
				PRODUCT_NAME = "$(TARGET_NAME)";
				SWIFT_EMIT_LOC_STRINGS = YES;
				SWIFT_VERSION = 5.0;
				TARGETED_DEVICE_FAMILY = "1,2";
			};
			name = Release;
		};
		42A6AD322C08A27C00F19F14 /* Debug */ = {
			isa = XCBuildConfiguration;
			buildSettings = {
				ALWAYS_EMBED_SWIFT_STANDARD_LIBRARIES = YES;
				BUNDLE_LOADER = "$(TEST_HOST)";
				CODE_SIGN_STYLE = Automatic;
				CURRENT_PROJECT_VERSION = 1;
				DEVELOPMENT_TEAM = XG78PF284C;
				GENERATE_INFOPLIST_FILE = YES;
				IPHONEOS_DEPLOYMENT_TARGET = 17.5;
				MARKETING_VERSION = 1.0;
				PRODUCT_BUNDLE_IDENTIFIER = com.sohail.AIChatbotTests;
				PRODUCT_NAME = "$(TARGET_NAME)";
				SWIFT_EMIT_LOC_STRINGS = NO;
				SWIFT_VERSION = 5.0;
				TARGETED_DEVICE_FAMILY = "1,2";
				TEST_HOST = "$(BUILT_PRODUCTS_DIR)/AIChatbot.app/$(BUNDLE_EXECUTABLE_FOLDER_PATH)/AIChatbot";
			};
			name = Debug;
		};
		42A6AD332C08A27C00F19F14 /* Release */ = {
			isa = XCBuildConfiguration;
			buildSettings = {
				ALWAYS_EMBED_SWIFT_STANDARD_LIBRARIES = YES;
				BUNDLE_LOADER = "$(TEST_HOST)";
				CODE_SIGN_STYLE = Automatic;
				CURRENT_PROJECT_VERSION = 1;
				DEVELOPMENT_TEAM = XG78PF284C;
				GENERATE_INFOPLIST_FILE = YES;
				IPHONEOS_DEPLOYMENT_TARGET = 17.5;
				MARKETING_VERSION = 1.0;
				PRODUCT_BUNDLE_IDENTIFIER = com.sohail.AIChatbotTests;
				PRODUCT_NAME = "$(TARGET_NAME)";
				SWIFT_EMIT_LOC_STRINGS = NO;
				SWIFT_VERSION = 5.0;
				TARGETED_DEVICE_FAMILY = "1,2";
				TEST_HOST = "$(BUILT_PRODUCTS_DIR)/AIChatbot.app/$(BUNDLE_EXECUTABLE_FOLDER_PATH)/AIChatbot";
			};
			name = Release;
		};
		42A6AD352C08A27C00F19F14 /* Debug */ = {
			isa = XCBuildConfiguration;
			buildSettings = {
				ALWAYS_EMBED_SWIFT_STANDARD_LIBRARIES = YES;
				CODE_SIGN_STYLE = Automatic;
				CURRENT_PROJECT_VERSION = 1;
				DEVELOPMENT_TEAM = XG78PF284C;
				GENERATE_INFOPLIST_FILE = YES;
				MARKETING_VERSION = 1.0;
				PRODUCT_BUNDLE_IDENTIFIER = com.sohail.AIChatbotUITests;
				PRODUCT_NAME = "$(TARGET_NAME)";
				SWIFT_EMIT_LOC_STRINGS = NO;
				SWIFT_VERSION = 5.0;
				TARGETED_DEVICE_FAMILY = "1,2";
				TEST_TARGET_NAME = AIChatbot;
			};
			name = Debug;
		};
		42A6AD362C08A27C00F19F14 /* Release */ = {
			isa = XCBuildConfiguration;
			buildSettings = {
				ALWAYS_EMBED_SWIFT_STANDARD_LIBRARIES = YES;
				CODE_SIGN_STYLE = Automatic;
				CURRENT_PROJECT_VERSION = 1;
				DEVELOPMENT_TEAM = XG78PF284C;
				GENERATE_INFOPLIST_FILE = YES;
				MARKETING_VERSION = 1.0;
				PRODUCT_BUNDLE_IDENTIFIER = com.sohail.AIChatbotUITests;
				PRODUCT_NAME = "$(TARGET_NAME)";
				SWIFT_EMIT_LOC_STRINGS = NO;
				SWIFT_VERSION = 5.0;
				TARGETED_DEVICE_FAMILY = "1,2";
				TEST_TARGET_NAME = AIChatbot;
			};
			name = Release;
		};
/* End XCBuildConfiguration section */

/* Begin XCConfigurationList section */
		42A6AD032C08A27B00F19F14 /* Build configuration list for PBXProject "AIChatbot" */ = {
			isa = XCConfigurationList;
			buildConfigurations = (
				42A6AD2C2C08A27C00F19F14 /* Debug */,
				42A6AD2D2C08A27C00F19F14 /* Release */,
			);
			defaultConfigurationIsVisible = 0;
			defaultConfigurationName = Release;
		};
		42A6AD2E2C08A27C00F19F14 /* Build configuration list for PBXNativeTarget "AIChatbot" */ = {
			isa = XCConfigurationList;
			buildConfigurations = (
				42A6AD2F2C08A27C00F19F14 /* Debug */,
				42A6AD302C08A27C00F19F14 /* Release */,
			);
			defaultConfigurationIsVisible = 0;
			defaultConfigurationName = Release;
		};
		42A6AD312C08A27C00F19F14 /* Build configuration list for PBXNativeTarget "AIChatbotTests" */ = {
			isa = XCConfigurationList;
			buildConfigurations = (
				42A6AD322C08A27C00F19F14 /* Debug */,
				42A6AD332C08A27C00F19F14 /* Release */,
			);
			defaultConfigurationIsVisible = 0;
			defaultConfigurationName = Release;
		};
		42A6AD342C08A27C00F19F14 /* Build configuration list for PBXNativeTarget "AIChatbotUITests" */ = {
			isa = XCConfigurationList;
			buildConfigurations = (
				42A6AD352C08A27C00F19F14 /* Debug */,
				42A6AD362C08A27C00F19F14 /* Release */,
			);
			defaultConfigurationIsVisible = 0;
			defaultConfigurationName = Release;
		};
/* End XCConfigurationList section */
	};
	rootObject = 42A6AD002C08A27B00F19F14 /* Project object */;
}
